// !$*UTF8*$!
{
	archiveVersion = 1;
	classes = {
	};
	objectVersion = 46;
	objects = {

/* Begin PBXBuildFile section */
		2D00BBF31B50E27600F73C30 /* ISNewEventViewController.m in Sources */ = {isa = PBXBuildFile; fileRef = 2D00BBF21B50E27600F73C30 /* ISNewEventViewController.m */; };
		2D00BBF61B50EA0D00F73C30 /* ISEventCell.m in Sources */ = {isa = PBXBuildFile; fileRef = 2D00BBF51B50EA0D00F73C30 /* ISEventCell.m */; };
		2D00BBF81B50ECA200F73C30 /* contacts_100.png in Resources */ = {isa = PBXBuildFile; fileRef = 2D00BBF71B50ECA200F73C30 /* contacts_100.png */; };
		2D00BBFC1B50F4CD00F73C30 /* star_gold_50.png in Resources */ = {isa = PBXBuildFile; fileRef = 2D00BBFB1B50F4CD00F73C30 /* star_gold_50.png */; };
		2D00BC011B50F90500F73C30 /* plus.png in Resources */ = {isa = PBXBuildFile; fileRef = 2D00BBFF1B50F90500F73C30 /* plus.png */; };
		2D00BC021B50F90500F73C30 /* plus@2x.png in Resources */ = {isa = PBXBuildFile; fileRef = 2D00BC001B50F90500F73C30 /* plus@2x.png */; };
		2D00BC071B51340600F73C30 /* ISUserProfileViewConrtoller.m in Sources */ = {isa = PBXBuildFile; fileRef = 2D00BC061B51340600F73C30 /* ISUserProfileViewConrtoller.m */; };
		2D00BC0A1B5135A900F73C30 /* ISSettingsViewController.m in Sources */ = {isa = PBXBuildFile; fileRef = 2D00BC091B5135A900F73C30 /* ISSettingsViewController.m */; };
		2D00BC0D1B51526400F73C30 /* ISSearchViewController.m in Sources */ = {isa = PBXBuildFile; fileRef = 2D00BC0C1B51526400F73C30 /* ISSearchViewController.m */; };
		2D632F311B4F9DD2006EDFBD /* ISDateManger.m in Sources */ = {isa = PBXBuildFile; fileRef = 2D632F301B4F9DD2006EDFBD /* ISDateManger.m */; };
		2D632F341B4F9E10006EDFBD /* ISServerManager.m in Sources */ = {isa = PBXBuildFile; fileRef = 2D632F331B4F9E10006EDFBD /* ISServerManager.m */; };
		2D632F381B4F9E6C006EDFBD /* ISUser.m in Sources */ = {isa = PBXBuildFile; fileRef = 2D632F371B4F9E6C006EDFBD /* ISUser.m */; };
		2D632F481B4F9F25006EDFBD /* ISCell.m in Sources */ = {isa = PBXBuildFile; fileRef = 2D632F431B4F9F25006EDFBD /* ISCell.m */; };
		2D632F491B4F9F25006EDFBD /* ISView.m in Sources */ = {isa = PBXBuildFile; fileRef = 2D632F471B4F9F25006EDFBD /* ISView.m */; };
		2D632F551B4FA070006EDFBD /* NSDate+NSDateExtension.m in Sources */ = {isa = PBXBuildFile; fileRef = 2D632F541B4FA070006EDFBD /* NSDate+NSDateExtension.m */; };
		2DF6A3AC1B4FBF6A00FF278F /* Images.xcassets in Resources */ = {isa = PBXBuildFile; fileRef = 2DF6A3AA1B4FBF6A00FF278F /* Images.xcassets */; };
		2DF935D71B50040A00B2AC7F /* LaunchScreen.xib in Resources */ = {isa = PBXBuildFile; fileRef = 2DF935D61B50040A00B2AC7F /* LaunchScreen.xib */; };
		2DF935D91B50164600B2AC7F /* vk_login.png in Resources */ = {isa = PBXBuildFile; fileRef = 2DF935D81B50164600B2AC7F /* vk_login.png */; };
		2DF935DE1B501ADB00B2AC7F /* ISLoginViewController.m in Sources */ = {isa = PBXBuildFile; fileRef = 2DF935DD1B501ADB00B2AC7F /* ISLoginViewController.m */; };
		2DF935E11B501B1300B2AC7F /* ISEventsViewController.m in Sources */ = {isa = PBXBuildFile; fileRef = 2DF935E01B501B1300B2AC7F /* ISEventsViewController.m */; };
		2DF935E51B504B4F00B2AC7F /* ISLeftMenuController.m in Sources */ = {isa = PBXBuildFile; fileRef = 2DF935E41B504B4F00B2AC7F /* ISLeftMenuController.m */; };
		2DF935E81B504F8300B2AC7F /* ISLeftMenuCell.m in Sources */ = {isa = PBXBuildFile; fileRef = 2DF935E71B504F8300B2AC7F /* ISLeftMenuCell.m */; };
		2DF935ED1B50581A00B2AC7F /* exit_50.png in Resources */ = {isa = PBXBuildFile; fileRef = 2DF935E91B50581A00B2AC7F /* exit_50.png */; };
		2DF935EE1B50581A00B2AC7F /* home_50.png in Resources */ = {isa = PBXBuildFile; fileRef = 2DF935EA1B50581A00B2AC7F /* home_50.png */; };
		2DF935EF1B50581A00B2AC7F /* settings_50.png in Resources */ = {isa = PBXBuildFile; fileRef = 2DF935EB1B50581A00B2AC7F /* settings_50.png */; };
		2DF935F01B50581A00B2AC7F /* star_50.png in Resources */ = {isa = PBXBuildFile; fileRef = 2DF935EC1B50581A00B2AC7F /* star_50.png */; };
		2DFAA8881B4F90AC00AF4689 /* main.m in Sources */ = {isa = PBXBuildFile; fileRef = 2DFAA8871B4F90AC00AF4689 /* main.m */; };
		2DFAA88B1B4F90AC00AF4689 /* AppDelegate.m in Sources */ = {isa = PBXBuildFile; fileRef = 2DFAA88A1B4F90AC00AF4689 /* AppDelegate.m */; };
		2DFAA8911B4F90AC00AF4689 /* Main.storyboard in Resources */ = {isa = PBXBuildFile; fileRef = 2DFAA88F1B4F90AC00AF4689 /* Main.storyboard */; };
		2DFAA8A21B4F90AC00AF4689 /* inSearchTests.m in Sources */ = {isa = PBXBuildFile; fileRef = 2DFAA8A11B4F90AC00AF4689 /* inSearchTests.m */; };
		2DFAA8E31B4F93AD00AF4689 /* SlideNavigationContorllerAnimatorFade.m in Sources */ = {isa = PBXBuildFile; fileRef = 2DFAA8B21B4F93AD00AF4689 /* SlideNavigationContorllerAnimatorFade.m */; };
		2DFAA8E41B4F93AD00AF4689 /* SlideNavigationContorllerAnimatorScale.m in Sources */ = {isa = PBXBuildFile; fileRef = 2DFAA8B41B4F93AD00AF4689 /* SlideNavigationContorllerAnimatorScale.m */; };
		2DFAA8E51B4F93AD00AF4689 /* SlideNavigationContorllerAnimatorScaleAndFade.m in Sources */ = {isa = PBXBuildFile; fileRef = 2DFAA8B61B4F93AD00AF4689 /* SlideNavigationContorllerAnimatorScaleAndFade.m */; };
		2DFAA8E61B4F93AD00AF4689 /* SlideNavigationContorllerAnimatorSlide.m in Sources */ = {isa = PBXBuildFile; fileRef = 2DFAA8B81B4F93AD00AF4689 /* SlideNavigationContorllerAnimatorSlide.m */; };
		2DFAA8E71B4F93AD00AF4689 /* SlideNavigationContorllerAnimatorSlideAndFade.m in Sources */ = {isa = PBXBuildFile; fileRef = 2DFAA8BA1B4F93AD00AF4689 /* SlideNavigationContorllerAnimatorSlideAndFade.m */; };
		2DFAA8E81B4F93AD00AF4689 /* menu-button.png in Resources */ = {isa = PBXBuildFile; fileRef = 2DFAA8BC1B4F93AD00AF4689 /* menu-button.png */; };
		2DFAA8E91B4F93AD00AF4689 /* menu-button@2x.png in Resources */ = {isa = PBXBuildFile; fileRef = 2DFAA8BD1B4F93AD00AF4689 /* menu-button@2x.png */; };
		2DFAA8EA1B4F93AD00AF4689 /* SlideNavigationController.m in Sources */ = {isa = PBXBuildFile; fileRef = 2DFAA8BF1B4F93AD00AF4689 /* SlideNavigationController.m */; };
		2DFAA8EB1B4F93AD00AF4689 /* MKAnnotationView+WebCache.m in Sources */ = {isa = PBXBuildFile; fileRef = 2DFAA8C21B4F93AD00AF4689 /* MKAnnotationView+WebCache.m */; };
		2DFAA8EC1B4F93AD00AF4689 /* NSData+ImageContentType.m in Sources */ = {isa = PBXBuildFile; fileRef = 2DFAA8C41B4F93AD00AF4689 /* NSData+ImageContentType.m */; };
		2DFAA8ED1B4F93AD00AF4689 /* SDImageCache.m in Sources */ = {isa = PBXBuildFile; fileRef = 2DFAA8C61B4F93AD00AF4689 /* SDImageCache.m */; };
		2DFAA8EE1B4F93AD00AF4689 /* SDWebImageCompat.m in Sources */ = {isa = PBXBuildFile; fileRef = 2DFAA8C81B4F93AD00AF4689 /* SDWebImageCompat.m */; };
		2DFAA8EF1B4F93AD00AF4689 /* SDWebImageDecoder.m in Sources */ = {isa = PBXBuildFile; fileRef = 2DFAA8CA1B4F93AD00AF4689 /* SDWebImageDecoder.m */; };
		2DFAA8F01B4F93AD00AF4689 /* SDWebImageDownloader.m in Sources */ = {isa = PBXBuildFile; fileRef = 2DFAA8CC1B4F93AD00AF4689 /* SDWebImageDownloader.m */; };
		2DFAA8F11B4F93AD00AF4689 /* SDWebImageDownloaderOperation.m in Sources */ = {isa = PBXBuildFile; fileRef = 2DFAA8CE1B4F93AD00AF4689 /* SDWebImageDownloaderOperation.m */; };
		2DFAA8F21B4F93AD00AF4689 /* SDWebImageManager.m in Sources */ = {isa = PBXBuildFile; fileRef = 2DFAA8D01B4F93AD00AF4689 /* SDWebImageManager.m */; };
		2DFAA8F31B4F93AD00AF4689 /* SDWebImagePrefetcher.m in Sources */ = {isa = PBXBuildFile; fileRef = 2DFAA8D31B4F93AD00AF4689 /* SDWebImagePrefetcher.m */; };
		2DFAA8F41B4F93AD00AF4689 /* UIButton+WebCache.m in Sources */ = {isa = PBXBuildFile; fileRef = 2DFAA8D51B4F93AD00AF4689 /* UIButton+WebCache.m */; };
		2DFAA8F51B4F93AD00AF4689 /* UIImage+GIF.m in Sources */ = {isa = PBXBuildFile; fileRef = 2DFAA8D71B4F93AD00AF4689 /* UIImage+GIF.m */; };
		2DFAA8F61B4F93AD00AF4689 /* UIImage+MultiFormat.m in Sources */ = {isa = PBXBuildFile; fileRef = 2DFAA8D91B4F93AD00AF4689 /* UIImage+MultiFormat.m */; };
		2DFAA8F71B4F93AD00AF4689 /* UIImage+WebP.m in Sources */ = {isa = PBXBuildFile; fileRef = 2DFAA8DB1B4F93AD00AF4689 /* UIImage+WebP.m */; };
		2DFAA8F81B4F93AD00AF4689 /* UIImageView+HighlightedWebCache.m in Sources */ = {isa = PBXBuildFile; fileRef = 2DFAA8DD1B4F93AD00AF4689 /* UIImageView+HighlightedWebCache.m */; };
		2DFAA8F91B4F93AD00AF4689 /* UIImageView+WebCache.m in Sources */ = {isa = PBXBuildFile; fileRef = 2DFAA8DF1B4F93AD00AF4689 /* UIImageView+WebCache.m */; };
		2DFAA8FA1B4F93AD00AF4689 /* UIView+WebCacheOperation.m in Sources */ = {isa = PBXBuildFile; fileRef = 2DFAA8E11B4F93AD00AF4689 /* UIView+WebCacheOperation.m */; };
		2DFAA9281B4F959800AF4689 /* AFHTTPRequestOperation.m in Sources */ = {isa = PBXBuildFile; fileRef = 2DFAA9041B4F959800AF4689 /* AFHTTPRequestOperation.m */; };
		2DFAA9291B4F959800AF4689 /* AFHTTPRequestOperationManager.m in Sources */ = {isa = PBXBuildFile; fileRef = 2DFAA9061B4F959800AF4689 /* AFHTTPRequestOperationManager.m */; };
		2DFAA92A1B4F959800AF4689 /* AFHTTPSessionManager.m in Sources */ = {isa = PBXBuildFile; fileRef = 2DFAA9081B4F959800AF4689 /* AFHTTPSessionManager.m */; };
		2DFAA92B1B4F959800AF4689 /* AFNetworkReachabilityManager.m in Sources */ = {isa = PBXBuildFile; fileRef = 2DFAA90B1B4F959800AF4689 /* AFNetworkReachabilityManager.m */; };
		2DFAA92C1B4F959800AF4689 /* AFSecurityPolicy.m in Sources */ = {isa = PBXBuildFile; fileRef = 2DFAA90D1B4F959800AF4689 /* AFSecurityPolicy.m */; };
		2DFAA92D1B4F959800AF4689 /* AFURLConnectionOperation.m in Sources */ = {isa = PBXBuildFile; fileRef = 2DFAA90F1B4F959800AF4689 /* AFURLConnectionOperation.m */; };
		2DFAA92E1B4F959800AF4689 /* AFURLRequestSerialization.m in Sources */ = {isa = PBXBuildFile; fileRef = 2DFAA9111B4F959800AF4689 /* AFURLRequestSerialization.m */; };
		2DFAA92F1B4F959800AF4689 /* AFURLResponseSerialization.m in Sources */ = {isa = PBXBuildFile; fileRef = 2DFAA9131B4F959800AF4689 /* AFURLResponseSerialization.m */; };
		2DFAA9301B4F959800AF4689 /* AFURLSessionManager.m in Sources */ = {isa = PBXBuildFile; fileRef = 2DFAA9151B4F959800AF4689 /* AFURLSessionManager.m */; };
		2DFAA9311B4F959800AF4689 /* AFNetworkActivityIndicatorManager.m in Sources */ = {isa = PBXBuildFile; fileRef = 2DFAA9181B4F959800AF4689 /* AFNetworkActivityIndicatorManager.m */; };
		2DFAA9321B4F959800AF4689 /* UIActivityIndicatorView+AFNetworking.m in Sources */ = {isa = PBXBuildFile; fileRef = 2DFAA91A1B4F959800AF4689 /* UIActivityIndicatorView+AFNetworking.m */; };
		2DFAA9331B4F959800AF4689 /* UIAlertView+AFNetworking.m in Sources */ = {isa = PBXBuildFile; fileRef = 2DFAA91C1B4F959800AF4689 /* UIAlertView+AFNetworking.m */; };
		2DFAA9341B4F959800AF4689 /* UIButton+AFNetworking.m in Sources */ = {isa = PBXBuildFile; fileRef = 2DFAA91E1B4F959800AF4689 /* UIButton+AFNetworking.m */; };
		2DFAA9351B4F959800AF4689 /* UIImageView+AFNetworking.m in Sources */ = {isa = PBXBuildFile; fileRef = 2DFAA9201B4F959800AF4689 /* UIImageView+AFNetworking.m */; };
		2DFAA9361B4F959800AF4689 /* UIProgressView+AFNetworking.m in Sources */ = {isa = PBXBuildFile; fileRef = 2DFAA9231B4F959800AF4689 /* UIProgressView+AFNetworking.m */; };
		2DFAA9371B4F959800AF4689 /* UIRefreshControl+AFNetworking.m in Sources */ = {isa = PBXBuildFile; fileRef = 2DFAA9251B4F959800AF4689 /* UIRefreshControl+AFNetworking.m */; };
		2DFAA9381B4F959800AF4689 /* UIWebView+AFNetworking.m in Sources */ = {isa = PBXBuildFile; fileRef = 2DFAA9271B4F959800AF4689 /* UIWebView+AFNetworking.m */; };
		2DFAA93A1B4F95E900AF4689 /* VKSdk.framework in Frameworks */ = {isa = PBXBuildFile; fileRef = 2DFAA9391B4F95E900AF4689 /* VKSdk.framework */; };
		2DFAA9461B4F97CE00AF4689 /* ISUtils.m in Sources */ = {isa = PBXBuildFile; fileRef = 2DFAA9451B4F97CE00AF4689 /* ISUtils.m */; };
/* End PBXBuildFile section */

/* Begin PBXContainerItemProxy section */
		2DFAA89C1B4F90AC00AF4689 /* PBXContainerItemProxy */ = {
			isa = PBXContainerItemProxy;
			containerPortal = 2DFAA87A1B4F90AC00AF4689 /* Project object */;
			proxyType = 1;
			remoteGlobalIDString = 2DFAA8811B4F90AC00AF4689;
			remoteInfo = inSearch;
		};
/* End PBXContainerItemProxy section */

/* Begin PBXFileReference section */
		2D00BBF11B50E27600F73C30 /* ISNewEventViewController.h */ = {isa = PBXFileReference; fileEncoding = 4; lastKnownFileType = sourcecode.c.h; path = ISNewEventViewController.h; sourceTree = "<group>"; };
		2D00BBF21B50E27600F73C30 /* ISNewEventViewController.m */ = {isa = PBXFileReference; fileEncoding = 4; lastKnownFileType = sourcecode.c.objc; path = ISNewEventViewController.m; sourceTree = "<group>"; };
		2D00BBF41B50EA0D00F73C30 /* ISEventCell.h */ = {isa = PBXFileReference; fileEncoding = 4; lastKnownFileType = sourcecode.c.h; path = ISEventCell.h; sourceTree = "<group>"; };
		2D00BBF51B50EA0D00F73C30 /* ISEventCell.m */ = {isa = PBXFileReference; fileEncoding = 4; lastKnownFileType = sourcecode.c.objc; path = ISEventCell.m; sourceTree = "<group>"; };
		2D00BBF71B50ECA200F73C30 /* contacts_100.png */ = {isa = PBXFileReference; lastKnownFileType = image.png; path = contacts_100.png; sourceTree = "<group>"; };
		2D00BBFB1B50F4CD00F73C30 /* star_gold_50.png */ = {isa = PBXFileReference; lastKnownFileType = image.png; path = star_gold_50.png; sourceTree = "<group>"; };
		2D00BBFF1B50F90500F73C30 /* plus.png */ = {isa = PBXFileReference; lastKnownFileType = image.png; path = plus.png; sourceTree = "<group>"; };
		2D00BC001B50F90500F73C30 /* plus@2x.png */ = {isa = PBXFileReference; lastKnownFileType = image.png; path = "plus@2x.png"; sourceTree = "<group>"; };
		2D00BC051B51340600F73C30 /* ISUserProfileViewConrtoller.h */ = {isa = PBXFileReference; fileEncoding = 4; lastKnownFileType = sourcecode.c.h; path = ISUserProfileViewConrtoller.h; sourceTree = "<group>"; };
		2D00BC061B51340600F73C30 /* ISUserProfileViewConrtoller.m */ = {isa = PBXFileReference; fileEncoding = 4; lastKnownFileType = sourcecode.c.objc; path = ISUserProfileViewConrtoller.m; sourceTree = "<group>"; };
		2D00BC081B5135A900F73C30 /* ISSettingsViewController.h */ = {isa = PBXFileReference; fileEncoding = 4; lastKnownFileType = sourcecode.c.h; path = ISSettingsViewController.h; sourceTree = "<group>"; };
		2D00BC091B5135A900F73C30 /* ISSettingsViewController.m */ = {isa = PBXFileReference; fileEncoding = 4; lastKnownFileType = sourcecode.c.objc; path = ISSettingsViewController.m; sourceTree = "<group>"; };
		2D00BC0B1B51526400F73C30 /* ISSearchViewController.h */ = {isa = PBXFileReference; fileEncoding = 4; lastKnownFileType = sourcecode.c.h; path = ISSearchViewController.h; sourceTree = "<group>"; };
		2D00BC0C1B51526400F73C30 /* ISSearchViewController.m */ = {isa = PBXFileReference; fileEncoding = 4; lastKnownFileType = sourcecode.c.objc; path = ISSearchViewController.m; sourceTree = "<group>"; };
		2D632F2F1B4F9DD2006EDFBD /* ISDateManger.h */ = {isa = PBXFileReference; fileEncoding = 4; lastKnownFileType = sourcecode.c.h; path = ISDateManger.h; sourceTree = "<group>"; };
		2D632F301B4F9DD2006EDFBD /* ISDateManger.m */ = {isa = PBXFileReference; fileEncoding = 4; lastKnownFileType = sourcecode.c.objc; path = ISDateManger.m; sourceTree = "<group>"; };
		2D632F321B4F9E10006EDFBD /* ISServerManager.h */ = {isa = PBXFileReference; fileEncoding = 4; lastKnownFileType = sourcecode.c.h; path = ISServerManager.h; sourceTree = "<group>"; };
		2D632F331B4F9E10006EDFBD /* ISServerManager.m */ = {isa = PBXFileReference; fileEncoding = 4; lastKnownFileType = sourcecode.c.objc; path = ISServerManager.m; sourceTree = "<group>"; };
		2D632F361B4F9E6C006EDFBD /* ISUser.h */ = {isa = PBXFileReference; fileEncoding = 4; lastKnownFileType = sourcecode.c.h; path = ISUser.h; sourceTree = "<group>"; };
		2D632F371B4F9E6C006EDFBD /* ISUser.m */ = {isa = PBXFileReference; fileEncoding = 4; lastKnownFileType = sourcecode.c.objc; path = ISUser.m; sourceTree = "<group>"; };
		2D632F3F1B4F9EE0006EDFBD /* ISPtorocol.h */ = {isa = PBXFileReference; fileEncoding = 4; lastKnownFileType = sourcecode.c.h; path = ISPtorocol.h; sourceTree = "<group>"; };
		2D632F421B4F9F25006EDFBD /* ISCell.h */ = {isa = PBXFileReference; fileEncoding = 4; lastKnownFileType = sourcecode.c.h; path = ISCell.h; sourceTree = "<group>"; };
		2D632F431B4F9F25006EDFBD /* ISCell.m */ = {isa = PBXFileReference; fileEncoding = 4; lastKnownFileType = sourcecode.c.objc; path = ISCell.m; sourceTree = "<group>"; };
		2D632F461B4F9F25006EDFBD /* ISView.h */ = {isa = PBXFileReference; fileEncoding = 4; lastKnownFileType = sourcecode.c.h; path = ISView.h; sourceTree = "<group>"; };
		2D632F471B4F9F25006EDFBD /* ISView.m */ = {isa = PBXFileReference; fileEncoding = 4; lastKnownFileType = sourcecode.c.objc; path = ISView.m; sourceTree = "<group>"; };
		2D632F531B4FA070006EDFBD /* NSDate+NSDateExtension.h */ = {isa = PBXFileReference; fileEncoding = 4; lastKnownFileType = sourcecode.c.h; path = "NSDate+NSDateExtension.h"; sourceTree = "<group>"; };
		2D632F541B4FA070006EDFBD /* NSDate+NSDateExtension.m */ = {isa = PBXFileReference; fileEncoding = 4; lastKnownFileType = sourcecode.c.objc; path = "NSDate+NSDateExtension.m"; sourceTree = "<group>"; };
		2DF6A3AA1B4FBF6A00FF278F /* Images.xcassets */ = {isa = PBXFileReference; lastKnownFileType = folder.assetcatalog; path = Images.xcassets; sourceTree = "<group>"; };
		2DF935D61B50040A00B2AC7F /* LaunchScreen.xib */ = {isa = PBXFileReference; fileEncoding = 4; lastKnownFileType = file.xib; path = LaunchScreen.xib; sourceTree = "<group>"; };
		2DF935D81B50164600B2AC7F /* vk_login.png */ = {isa = PBXFileReference; lastKnownFileType = image.png; path = vk_login.png; sourceTree = "<group>"; };
		2DF935DC1B501ADB00B2AC7F /* ISLoginViewController.h */ = {isa = PBXFileReference; fileEncoding = 4; lastKnownFileType = sourcecode.c.h; path = ISLoginViewController.h; sourceTree = "<group>"; };
		2DF935DD1B501ADB00B2AC7F /* ISLoginViewController.m */ = {isa = PBXFileReference; fileEncoding = 4; lastKnownFileType = sourcecode.c.objc; path = ISLoginViewController.m; sourceTree = "<group>"; };
		2DF935DF1B501B1300B2AC7F /* ISEventsViewController.h */ = {isa = PBXFileReference; fileEncoding = 4; lastKnownFileType = sourcecode.c.h; path = ISEventsViewController.h; sourceTree = "<group>"; };
		2DF935E01B501B1300B2AC7F /* ISEventsViewController.m */ = {isa = PBXFileReference; fileEncoding = 4; lastKnownFileType = sourcecode.c.objc; path = ISEventsViewController.m; sourceTree = "<group>"; };
		2DF935E31B504B4F00B2AC7F /* ISLeftMenuController.h */ = {isa = PBXFileReference; fileEncoding = 4; lastKnownFileType = sourcecode.c.h; path = ISLeftMenuController.h; sourceTree = "<group>"; };
		2DF935E41B504B4F00B2AC7F /* ISLeftMenuController.m */ = {isa = PBXFileReference; fileEncoding = 4; lastKnownFileType = sourcecode.c.objc; path = ISLeftMenuController.m; sourceTree = "<group>"; };
		2DF935E61B504F8300B2AC7F /* ISLeftMenuCell.h */ = {isa = PBXFileReference; fileEncoding = 4; lastKnownFileType = sourcecode.c.h; path = ISLeftMenuCell.h; sourceTree = "<group>"; };
		2DF935E71B504F8300B2AC7F /* ISLeftMenuCell.m */ = {isa = PBXFileReference; fileEncoding = 4; lastKnownFileType = sourcecode.c.objc; path = ISLeftMenuCell.m; sourceTree = "<group>"; };
		2DF935E91B50581A00B2AC7F /* exit_50.png */ = {isa = PBXFileReference; lastKnownFileType = image.png; path = exit_50.png; sourceTree = "<group>"; };
		2DF935EA1B50581A00B2AC7F /* home_50.png */ = {isa = PBXFileReference; lastKnownFileType = image.png; path = home_50.png; sourceTree = "<group>"; };
		2DF935EB1B50581A00B2AC7F /* settings_50.png */ = {isa = PBXFileReference; lastKnownFileType = image.png; path = settings_50.png; sourceTree = "<group>"; };
		2DF935EC1B50581A00B2AC7F /* star_50.png */ = {isa = PBXFileReference; lastKnownFileType = image.png; path = star_50.png; sourceTree = "<group>"; };
		2DFAA8821B4F90AC00AF4689 /* inSearch.app */ = {isa = PBXFileReference; explicitFileType = wrapper.application; includeInIndex = 0; path = inSearch.app; sourceTree = BUILT_PRODUCTS_DIR; };
		2DFAA8861B4F90AC00AF4689 /* Info.plist */ = {isa = PBXFileReference; lastKnownFileType = text.plist.xml; path = Info.plist; sourceTree = "<group>"; };
		2DFAA8871B4F90AC00AF4689 /* main.m */ = {isa = PBXFileReference; lastKnownFileType = sourcecode.c.objc; path = main.m; sourceTree = "<group>"; };
		2DFAA8891B4F90AC00AF4689 /* AppDelegate.h */ = {isa = PBXFileReference; lastKnownFileType = sourcecode.c.h; path = AppDelegate.h; sourceTree = "<group>"; };
		2DFAA88A1B4F90AC00AF4689 /* AppDelegate.m */ = {isa = PBXFileReference; lastKnownFileType = sourcecode.c.objc; path = AppDelegate.m; sourceTree = "<group>"; };
		2DFAA8901B4F90AC00AF4689 /* Base */ = {isa = PBXFileReference; lastKnownFileType = file.storyboard; name = Base; path = Base.lproj/Main.storyboard; sourceTree = "<group>"; };
		2DFAA89B1B4F90AC00AF4689 /* inSearchTests.xctest */ = {isa = PBXFileReference; explicitFileType = wrapper.cfbundle; includeInIndex = 0; path = inSearchTests.xctest; sourceTree = BUILT_PRODUCTS_DIR; };
		2DFAA8A01B4F90AC00AF4689 /* Info.plist */ = {isa = PBXFileReference; lastKnownFileType = text.plist.xml; path = Info.plist; sourceTree = "<group>"; };
		2DFAA8A11B4F90AC00AF4689 /* inSearchTests.m */ = {isa = PBXFileReference; lastKnownFileType = sourcecode.c.objc; path = inSearchTests.m; sourceTree = "<group>"; };
		2DFAA8B01B4F93AD00AF4689 /* SlideNavigationContorllerAnimator.h */ = {isa = PBXFileReference; fileEncoding = 4; lastKnownFileType = sourcecode.c.h; path = SlideNavigationContorllerAnimator.h; sourceTree = "<group>"; };
		2DFAA8B11B4F93AD00AF4689 /* SlideNavigationContorllerAnimatorFade.h */ = {isa = PBXFileReference; fileEncoding = 4; lastKnownFileType = sourcecode.c.h; path = SlideNavigationContorllerAnimatorFade.h; sourceTree = "<group>"; };
		2DFAA8B21B4F93AD00AF4689 /* SlideNavigationContorllerAnimatorFade.m */ = {isa = PBXFileReference; fileEncoding = 4; lastKnownFileType = sourcecode.c.objc; path = SlideNavigationContorllerAnimatorFade.m; sourceTree = "<group>"; };
		2DFAA8B31B4F93AD00AF4689 /* SlideNavigationContorllerAnimatorScale.h */ = {isa = PBXFileReference; fileEncoding = 4; lastKnownFileType = sourcecode.c.h; path = SlideNavigationContorllerAnimatorScale.h; sourceTree = "<group>"; };
		2DFAA8B41B4F93AD00AF4689 /* SlideNavigationContorllerAnimatorScale.m */ = {isa = PBXFileReference; fileEncoding = 4; lastKnownFileType = sourcecode.c.objc; path = SlideNavigationContorllerAnimatorScale.m; sourceTree = "<group>"; };
		2DFAA8B51B4F93AD00AF4689 /* SlideNavigationContorllerAnimatorScaleAndFade.h */ = {isa = PBXFileReference; fileEncoding = 4; lastKnownFileType = sourcecode.c.h; path = SlideNavigationContorllerAnimatorScaleAndFade.h; sourceTree = "<group>"; };
		2DFAA8B61B4F93AD00AF4689 /* SlideNavigationContorllerAnimatorScaleAndFade.m */ = {isa = PBXFileReference; fileEncoding = 4; lastKnownFileType = sourcecode.c.objc; path = SlideNavigationContorllerAnimatorScaleAndFade.m; sourceTree = "<group>"; };
		2DFAA8B71B4F93AD00AF4689 /* SlideNavigationContorllerAnimatorSlide.h */ = {isa = PBXFileReference; fileEncoding = 4; lastKnownFileType = sourcecode.c.h; path = SlideNavigationContorllerAnimatorSlide.h; sourceTree = "<group>"; };
		2DFAA8B81B4F93AD00AF4689 /* SlideNavigationContorllerAnimatorSlide.m */ = {isa = PBXFileReference; fileEncoding = 4; lastKnownFileType = sourcecode.c.objc; path = SlideNavigationContorllerAnimatorSlide.m; sourceTree = "<group>"; };
		2DFAA8B91B4F93AD00AF4689 /* SlideNavigationContorllerAnimatorSlideAndFade.h */ = {isa = PBXFileReference; fileEncoding = 4; lastKnownFileType = sourcecode.c.h; path = SlideNavigationContorllerAnimatorSlideAndFade.h; sourceTree = "<group>"; };
		2DFAA8BA1B4F93AD00AF4689 /* SlideNavigationContorllerAnimatorSlideAndFade.m */ = {isa = PBXFileReference; fileEncoding = 4; lastKnownFileType = sourcecode.c.objc; path = SlideNavigationContorllerAnimatorSlideAndFade.m; sourceTree = "<group>"; };
		2DFAA8BC1B4F93AD00AF4689 /* menu-button.png */ = {isa = PBXFileReference; lastKnownFileType = image.png; path = "menu-button.png"; sourceTree = "<group>"; };
		2DFAA8BD1B4F93AD00AF4689 /* menu-button@2x.png */ = {isa = PBXFileReference; lastKnownFileType = image.png; path = "menu-button@2x.png"; sourceTree = "<group>"; };
		2DFAA8BE1B4F93AD00AF4689 /* SlideNavigationController.h */ = {isa = PBXFileReference; fileEncoding = 4; lastKnownFileType = sourcecode.c.h; path = SlideNavigationController.h; sourceTree = "<group>"; };
		2DFAA8BF1B4F93AD00AF4689 /* SlideNavigationController.m */ = {isa = PBXFileReference; fileEncoding = 4; lastKnownFileType = sourcecode.c.objc; path = SlideNavigationController.m; sourceTree = "<group>"; };
		2DFAA8C11B4F93AD00AF4689 /* MKAnnotationView+WebCache.h */ = {isa = PBXFileReference; fileEncoding = 4; lastKnownFileType = sourcecode.c.h; path = "MKAnnotationView+WebCache.h"; sourceTree = "<group>"; };
		2DFAA8C21B4F93AD00AF4689 /* MKAnnotationView+WebCache.m */ = {isa = PBXFileReference; fileEncoding = 4; lastKnownFileType = sourcecode.c.objc; path = "MKAnnotationView+WebCache.m"; sourceTree = "<group>"; };
		2DFAA8C31B4F93AD00AF4689 /* NSData+ImageContentType.h */ = {isa = PBXFileReference; fileEncoding = 4; lastKnownFileType = sourcecode.c.h; path = "NSData+ImageContentType.h"; sourceTree = "<group>"; };
		2DFAA8C41B4F93AD00AF4689 /* NSData+ImageContentType.m */ = {isa = PBXFileReference; fileEncoding = 4; lastKnownFileType = sourcecode.c.objc; path = "NSData+ImageContentType.m"; sourceTree = "<group>"; };
		2DFAA8C51B4F93AD00AF4689 /* SDImageCache.h */ = {isa = PBXFileReference; fileEncoding = 4; lastKnownFileType = sourcecode.c.h; path = SDImageCache.h; sourceTree = "<group>"; };
		2DFAA8C61B4F93AD00AF4689 /* SDImageCache.m */ = {isa = PBXFileReference; fileEncoding = 4; lastKnownFileType = sourcecode.c.objc; path = SDImageCache.m; sourceTree = "<group>"; };
		2DFAA8C71B4F93AD00AF4689 /* SDWebImageCompat.h */ = {isa = PBXFileReference; fileEncoding = 4; lastKnownFileType = sourcecode.c.h; path = SDWebImageCompat.h; sourceTree = "<group>"; };
		2DFAA8C81B4F93AD00AF4689 /* SDWebImageCompat.m */ = {isa = PBXFileReference; fileEncoding = 4; lastKnownFileType = sourcecode.c.objc; path = SDWebImageCompat.m; sourceTree = "<group>"; };
		2DFAA8C91B4F93AD00AF4689 /* SDWebImageDecoder.h */ = {isa = PBXFileReference; fileEncoding = 4; lastKnownFileType = sourcecode.c.h; path = SDWebImageDecoder.h; sourceTree = "<group>"; };
		2DFAA8CA1B4F93AD00AF4689 /* SDWebImageDecoder.m */ = {isa = PBXFileReference; fileEncoding = 4; lastKnownFileType = sourcecode.c.objc; path = SDWebImageDecoder.m; sourceTree = "<group>"; };
		2DFAA8CB1B4F93AD00AF4689 /* SDWebImageDownloader.h */ = {isa = PBXFileReference; fileEncoding = 4; lastKnownFileType = sourcecode.c.h; path = SDWebImageDownloader.h; sourceTree = "<group>"; };
		2DFAA8CC1B4F93AD00AF4689 /* SDWebImageDownloader.m */ = {isa = PBXFileReference; fileEncoding = 4; lastKnownFileType = sourcecode.c.objc; path = SDWebImageDownloader.m; sourceTree = "<group>"; };
		2DFAA8CD1B4F93AD00AF4689 /* SDWebImageDownloaderOperation.h */ = {isa = PBXFileReference; fileEncoding = 4; lastKnownFileType = sourcecode.c.h; path = SDWebImageDownloaderOperation.h; sourceTree = "<group>"; };
		2DFAA8CE1B4F93AD00AF4689 /* SDWebImageDownloaderOperation.m */ = {isa = PBXFileReference; fileEncoding = 4; lastKnownFileType = sourcecode.c.objc; path = SDWebImageDownloaderOperation.m; sourceTree = "<group>"; };
		2DFAA8CF1B4F93AD00AF4689 /* SDWebImageManager.h */ = {isa = PBXFileReference; fileEncoding = 4; lastKnownFileType = sourcecode.c.h; path = SDWebImageManager.h; sourceTree = "<group>"; };
		2DFAA8D01B4F93AD00AF4689 /* SDWebImageManager.m */ = {isa = PBXFileReference; fileEncoding = 4; lastKnownFileType = sourcecode.c.objc; path = SDWebImageManager.m; sourceTree = "<group>"; };
		2DFAA8D11B4F93AD00AF4689 /* SDWebImageOperation.h */ = {isa = PBXFileReference; fileEncoding = 4; lastKnownFileType = sourcecode.c.h; path = SDWebImageOperation.h; sourceTree = "<group>"; };
		2DFAA8D21B4F93AD00AF4689 /* SDWebImagePrefetcher.h */ = {isa = PBXFileReference; fileEncoding = 4; lastKnownFileType = sourcecode.c.h; path = SDWebImagePrefetcher.h; sourceTree = "<group>"; };
		2DFAA8D31B4F93AD00AF4689 /* SDWebImagePrefetcher.m */ = {isa = PBXFileReference; fileEncoding = 4; lastKnownFileType = sourcecode.c.objc; path = SDWebImagePrefetcher.m; sourceTree = "<group>"; };
		2DFAA8D41B4F93AD00AF4689 /* UIButton+WebCache.h */ = {isa = PBXFileReference; fileEncoding = 4; lastKnownFileType = sourcecode.c.h; path = "UIButton+WebCache.h"; sourceTree = "<group>"; };
		2DFAA8D51B4F93AD00AF4689 /* UIButton+WebCache.m */ = {isa = PBXFileReference; fileEncoding = 4; lastKnownFileType = sourcecode.c.objc; path = "UIButton+WebCache.m"; sourceTree = "<group>"; };
		2DFAA8D61B4F93AD00AF4689 /* UIImage+GIF.h */ = {isa = PBXFileReference; fileEncoding = 4; lastKnownFileType = sourcecode.c.h; path = "UIImage+GIF.h"; sourceTree = "<group>"; };
		2DFAA8D71B4F93AD00AF4689 /* UIImage+GIF.m */ = {isa = PBXFileReference; fileEncoding = 4; lastKnownFileType = sourcecode.c.objc; path = "UIImage+GIF.m"; sourceTree = "<group>"; };
		2DFAA8D81B4F93AD00AF4689 /* UIImage+MultiFormat.h */ = {isa = PBXFileReference; fileEncoding = 4; lastKnownFileType = sourcecode.c.h; path = "UIImage+MultiFormat.h"; sourceTree = "<group>"; };
		2DFAA8D91B4F93AD00AF4689 /* UIImage+MultiFormat.m */ = {isa = PBXFileReference; fileEncoding = 4; lastKnownFileType = sourcecode.c.objc; path = "UIImage+MultiFormat.m"; sourceTree = "<group>"; };
		2DFAA8DA1B4F93AD00AF4689 /* UIImage+WebP.h */ = {isa = PBXFileReference; fileEncoding = 4; lastKnownFileType = sourcecode.c.h; path = "UIImage+WebP.h"; sourceTree = "<group>"; };
		2DFAA8DB1B4F93AD00AF4689 /* UIImage+WebP.m */ = {isa = PBXFileReference; fileEncoding = 4; lastKnownFileType = sourcecode.c.objc; path = "UIImage+WebP.m"; sourceTree = "<group>"; };
		2DFAA8DC1B4F93AD00AF4689 /* UIImageView+HighlightedWebCache.h */ = {isa = PBXFileReference; fileEncoding = 4; lastKnownFileType = sourcecode.c.h; path = "UIImageView+HighlightedWebCache.h"; sourceTree = "<group>"; };
		2DFAA8DD1B4F93AD00AF4689 /* UIImageView+HighlightedWebCache.m */ = {isa = PBXFileReference; fileEncoding = 4; lastKnownFileType = sourcecode.c.objc; path = "UIImageView+HighlightedWebCache.m"; sourceTree = "<group>"; };
		2DFAA8DE1B4F93AD00AF4689 /* UIImageView+WebCache.h */ = {isa = PBXFileReference; fileEncoding = 4; lastKnownFileType = sourcecode.c.h; path = "UIImageView+WebCache.h"; sourceTree = "<group>"; };
		2DFAA8DF1B4F93AD00AF4689 /* UIImageView+WebCache.m */ = {isa = PBXFileReference; fileEncoding = 4; lastKnownFileType = sourcecode.c.objc; path = "UIImageView+WebCache.m"; sourceTree = "<group>"; };
		2DFAA8E01B4F93AD00AF4689 /* UIView+WebCacheOperation.h */ = {isa = PBXFileReference; fileEncoding = 4; lastKnownFileType = sourcecode.c.h; path = "UIView+WebCacheOperation.h"; sourceTree = "<group>"; };
		2DFAA8E11B4F93AD00AF4689 /* UIView+WebCacheOperation.m */ = {isa = PBXFileReference; fileEncoding = 4; lastKnownFileType = sourcecode.c.objc; path = "UIView+WebCacheOperation.m"; sourceTree = "<group>"; };
		2DFAA9031B4F959800AF4689 /* AFHTTPRequestOperation.h */ = {isa = PBXFileReference; fileEncoding = 4; lastKnownFileType = sourcecode.c.h; path = AFHTTPRequestOperation.h; sourceTree = "<group>"; };
		2DFAA9041B4F959800AF4689 /* AFHTTPRequestOperation.m */ = {isa = PBXFileReference; fileEncoding = 4; lastKnownFileType = sourcecode.c.objc; path = AFHTTPRequestOperation.m; sourceTree = "<group>"; };
		2DFAA9051B4F959800AF4689 /* AFHTTPRequestOperationManager.h */ = {isa = PBXFileReference; fileEncoding = 4; lastKnownFileType = sourcecode.c.h; path = AFHTTPRequestOperationManager.h; sourceTree = "<group>"; };
		2DFAA9061B4F959800AF4689 /* AFHTTPRequestOperationManager.m */ = {isa = PBXFileReference; fileEncoding = 4; lastKnownFileType = sourcecode.c.objc; path = AFHTTPRequestOperationManager.m; sourceTree = "<group>"; };
		2DFAA9071B4F959800AF4689 /* AFHTTPSessionManager.h */ = {isa = PBXFileReference; fileEncoding = 4; lastKnownFileType = sourcecode.c.h; path = AFHTTPSessionManager.h; sourceTree = "<group>"; };
		2DFAA9081B4F959800AF4689 /* AFHTTPSessionManager.m */ = {isa = PBXFileReference; fileEncoding = 4; lastKnownFileType = sourcecode.c.objc; path = AFHTTPSessionManager.m; sourceTree = "<group>"; };
		2DFAA9091B4F959800AF4689 /* AFNetworking.h */ = {isa = PBXFileReference; fileEncoding = 4; lastKnownFileType = sourcecode.c.h; path = AFNetworking.h; sourceTree = "<group>"; };
		2DFAA90A1B4F959800AF4689 /* AFNetworkReachabilityManager.h */ = {isa = PBXFileReference; fileEncoding = 4; lastKnownFileType = sourcecode.c.h; path = AFNetworkReachabilityManager.h; sourceTree = "<group>"; };
		2DFAA90B1B4F959800AF4689 /* AFNetworkReachabilityManager.m */ = {isa = PBXFileReference; fileEncoding = 4; lastKnownFileType = sourcecode.c.objc; path = AFNetworkReachabilityManager.m; sourceTree = "<group>"; };
		2DFAA90C1B4F959800AF4689 /* AFSecurityPolicy.h */ = {isa = PBXFileReference; fileEncoding = 4; lastKnownFileType = sourcecode.c.h; path = AFSecurityPolicy.h; sourceTree = "<group>"; };
		2DFAA90D1B4F959800AF4689 /* AFSecurityPolicy.m */ = {isa = PBXFileReference; fileEncoding = 4; lastKnownFileType = sourcecode.c.objc; path = AFSecurityPolicy.m; sourceTree = "<group>"; };
		2DFAA90E1B4F959800AF4689 /* AFURLConnectionOperation.h */ = {isa = PBXFileReference; fileEncoding = 4; lastKnownFileType = sourcecode.c.h; path = AFURLConnectionOperation.h; sourceTree = "<group>"; };
		2DFAA90F1B4F959800AF4689 /* AFURLConnectionOperation.m */ = {isa = PBXFileReference; fileEncoding = 4; lastKnownFileType = sourcecode.c.objc; path = AFURLConnectionOperation.m; sourceTree = "<group>"; };
		2DFAA9101B4F959800AF4689 /* AFURLRequestSerialization.h */ = {isa = PBXFileReference; fileEncoding = 4; lastKnownFileType = sourcecode.c.h; path = AFURLRequestSerialization.h; sourceTree = "<group>"; };
		2DFAA9111B4F959800AF4689 /* AFURLRequestSerialization.m */ = {isa = PBXFileReference; fileEncoding = 4; lastKnownFileType = sourcecode.c.objc; path = AFURLRequestSerialization.m; sourceTree = "<group>"; };
		2DFAA9121B4F959800AF4689 /* AFURLResponseSerialization.h */ = {isa = PBXFileReference; fileEncoding = 4; lastKnownFileType = sourcecode.c.h; path = AFURLResponseSerialization.h; sourceTree = "<group>"; };
		2DFAA9131B4F959800AF4689 /* AFURLResponseSerialization.m */ = {isa = PBXFileReference; fileEncoding = 4; lastKnownFileType = sourcecode.c.objc; path = AFURLResponseSerialization.m; sourceTree = "<group>"; };
		2DFAA9141B4F959800AF4689 /* AFURLSessionManager.h */ = {isa = PBXFileReference; fileEncoding = 4; lastKnownFileType = sourcecode.c.h; path = AFURLSessionManager.h; sourceTree = "<group>"; };
		2DFAA9151B4F959800AF4689 /* AFURLSessionManager.m */ = {isa = PBXFileReference; fileEncoding = 4; lastKnownFileType = sourcecode.c.objc; path = AFURLSessionManager.m; sourceTree = "<group>"; };
		2DFAA9171B4F959800AF4689 /* AFNetworkActivityIndicatorManager.h */ = {isa = PBXFileReference; fileEncoding = 4; lastKnownFileType = sourcecode.c.h; path = AFNetworkActivityIndicatorManager.h; sourceTree = "<group>"; };
		2DFAA9181B4F959800AF4689 /* AFNetworkActivityIndicatorManager.m */ = {isa = PBXFileReference; fileEncoding = 4; lastKnownFileType = sourcecode.c.objc; path = AFNetworkActivityIndicatorManager.m; sourceTree = "<group>"; };
		2DFAA9191B4F959800AF4689 /* UIActivityIndicatorView+AFNetworking.h */ = {isa = PBXFileReference; fileEncoding = 4; lastKnownFileType = sourcecode.c.h; path = "UIActivityIndicatorView+AFNetworking.h"; sourceTree = "<group>"; };
		2DFAA91A1B4F959800AF4689 /* UIActivityIndicatorView+AFNetworking.m */ = {isa = PBXFileReference; fileEncoding = 4; lastKnownFileType = sourcecode.c.objc; path = "UIActivityIndicatorView+AFNetworking.m"; sourceTree = "<group>"; };
		2DFAA91B1B4F959800AF4689 /* UIAlertView+AFNetworking.h */ = {isa = PBXFileReference; fileEncoding = 4; lastKnownFileType = sourcecode.c.h; path = "UIAlertView+AFNetworking.h"; sourceTree = "<group>"; };
		2DFAA91C1B4F959800AF4689 /* UIAlertView+AFNetworking.m */ = {isa = PBXFileReference; fileEncoding = 4; lastKnownFileType = sourcecode.c.objc; path = "UIAlertView+AFNetworking.m"; sourceTree = "<group>"; };
		2DFAA91D1B4F959800AF4689 /* UIButton+AFNetworking.h */ = {isa = PBXFileReference; fileEncoding = 4; lastKnownFileType = sourcecode.c.h; path = "UIButton+AFNetworking.h"; sourceTree = "<group>"; };
		2DFAA91E1B4F959800AF4689 /* UIButton+AFNetworking.m */ = {isa = PBXFileReference; fileEncoding = 4; lastKnownFileType = sourcecode.c.objc; path = "UIButton+AFNetworking.m"; sourceTree = "<group>"; };
		2DFAA91F1B4F959800AF4689 /* UIImageView+AFNetworking.h */ = {isa = PBXFileReference; fileEncoding = 4; lastKnownFileType = sourcecode.c.h; path = "UIImageView+AFNetworking.h"; sourceTree = "<group>"; };
		2DFAA9201B4F959800AF4689 /* UIImageView+AFNetworking.m */ = {isa = PBXFileReference; fileEncoding = 4; lastKnownFileType = sourcecode.c.objc; path = "UIImageView+AFNetworking.m"; sourceTree = "<group>"; };
		2DFAA9211B4F959800AF4689 /* UIKit+AFNetworking.h */ = {isa = PBXFileReference; fileEncoding = 4; lastKnownFileType = sourcecode.c.h; path = "UIKit+AFNetworking.h"; sourceTree = "<group>"; };
		2DFAA9221B4F959800AF4689 /* UIProgressView+AFNetworking.h */ = {isa = PBXFileReference; fileEncoding = 4; lastKnownFileType = sourcecode.c.h; path = "UIProgressView+AFNetworking.h"; sourceTree = "<group>"; };
		2DFAA9231B4F959800AF4689 /* UIProgressView+AFNetworking.m */ = {isa = PBXFileReference; fileEncoding = 4; lastKnownFileType = sourcecode.c.objc; path = "UIProgressView+AFNetworking.m"; sourceTree = "<group>"; };
		2DFAA9241B4F959800AF4689 /* UIRefreshControl+AFNetworking.h */ = {isa = PBXFileReference; fileEncoding = 4; lastKnownFileType = sourcecode.c.h; path = "UIRefreshControl+AFNetworking.h"; sourceTree = "<group>"; };
		2DFAA9251B4F959800AF4689 /* UIRefreshControl+AFNetworking.m */ = {isa = PBXFileReference; fileEncoding = 4; lastKnownFileType = sourcecode.c.objc; path = "UIRefreshControl+AFNetworking.m"; sourceTree = "<group>"; };
		2DFAA9261B4F959800AF4689 /* UIWebView+AFNetworking.h */ = {isa = PBXFileReference; fileEncoding = 4; lastKnownFileType = sourcecode.c.h; path = "UIWebView+AFNetworking.h"; sourceTree = "<group>"; };
		2DFAA9271B4F959800AF4689 /* UIWebView+AFNetworking.m */ = {isa = PBXFileReference; fileEncoding = 4; lastKnownFileType = sourcecode.c.objc; path = "UIWebView+AFNetworking.m"; sourceTree = "<group>"; };
		2DFAA9391B4F95E900AF4689 /* VKSdk.framework */ = {isa = PBXFileReference; lastKnownFileType = wrapper.framework; name = VKSdk.framework; path = VKSdk/VKSdk.framework; sourceTree = "<group>"; };
		2DFAA9441B4F97CE00AF4689 /* ISUtils.h */ = {isa = PBXFileReference; fileEncoding = 4; lastKnownFileType = sourcecode.c.h; name = ISUtils.h; path = Utils/ISUtils.h; sourceTree = "<group>"; };
		2DFAA9451B4F97CE00AF4689 /* ISUtils.m */ = {isa = PBXFileReference; fileEncoding = 4; lastKnownFileType = sourcecode.c.objc; name = ISUtils.m; path = Utils/ISUtils.m; sourceTree = "<group>"; };
/* End PBXFileReference section */

/* Begin PBXFrameworksBuildPhase section */
		2DFAA87F1B4F90AC00AF4689 /* Frameworks */ = {
			isa = PBXFrameworksBuildPhase;
			buildActionMask = 2147483647;
			files = (
				2DFAA93A1B4F95E900AF4689 /* VKSdk.framework in Frameworks */,
			);
			runOnlyForDeploymentPostprocessing = 0;
		};
		2DFAA8981B4F90AC00AF4689 /* Frameworks */ = {
			isa = PBXFrameworksBuildPhase;
			buildActionMask = 2147483647;
			files = (
			);
			runOnlyForDeploymentPostprocessing = 0;
		};
/* End PBXFrameworksBuildPhase section */

/* Begin PBXGroup section */
		2D00BBEF1B50E22D00F73C30 /* NewEventController */ = {
			isa = PBXGroup;
			children = (
				2D00BBF11B50E27600F73C30 /* ISNewEventViewController.h */,
				2D00BBF21B50E27600F73C30 /* ISNewEventViewController.m */,
			);
			path = NewEventController;
			sourceTree = "<group>";
		};
		2D00BC031B5133BD00F73C30 /* SettingsConrtoller */ = {
			isa = PBXGroup;
			children = (
				2D00BC081B5135A900F73C30 /* ISSettingsViewController.h */,
				2D00BC091B5135A900F73C30 /* ISSettingsViewController.m */,
			);
			name = SettingsConrtoller;
			path = inSearch/UI/Controllers/SettingsConrtoller;
			sourceTree = SOURCE_ROOT;
		};
		2D00BC041B5133BD00F73C30 /* UserProfileConrtoller */ = {
			isa = PBXGroup;
			children = (
				2D00BC051B51340600F73C30 /* ISUserProfileViewConrtoller.h */,
				2D00BC061B51340600F73C30 /* ISUserProfileViewConrtoller.m */,
			);
			name = UserProfileConrtoller;
			path = inSearch/UI/Controllers/UserProfileConrtoller;
			sourceTree = SOURCE_ROOT;
		};
		2D632F401B4F9F25006EDFBD /* UI */ = {
			isa = PBXGroup;
			children = (
				2D632F411B4F9F25006EDFBD /* Cells */,
				2D632F441B4F9F25006EDFBD /* Controllers */,
				2D632F451B4F9F25006EDFBD /* Views */,
			);
			path = UI;
			sourceTree = "<group>";
		};
		2D632F411B4F9F25006EDFBD /* Cells */ = {
			isa = PBXGroup;
			children = (
				2D632F421B4F9F25006EDFBD /* ISCell.h */,
				2D632F431B4F9F25006EDFBD /* ISCell.m */,
				2DF935E61B504F8300B2AC7F /* ISLeftMenuCell.h */,
				2DF935E71B504F8300B2AC7F /* ISLeftMenuCell.m */,
				2D00BBF41B50EA0D00F73C30 /* ISEventCell.h */,
				2D00BBF51B50EA0D00F73C30 /* ISEventCell.m */,
			);
			path = Cells;
			sourceTree = "<group>";
		};
		2D632F441B4F9F25006EDFBD /* Controllers */ = {
			isa = PBXGroup;
			children = (
				2DF935E21B504B1300B2AC7F /* LeftMenuController */,
				2DF935DB1B501ADB00B2AC7F /* LoginController */,
				2D00BC031B5133BD00F73C30 /* SettingsConrtoller */,
				2DF935DA1B501ADB00B2AC7F /* EventsController */,
				2D00BC041B5133BD00F73C30 /* UserProfileConrtoller */,
				2D00BBEF1B50E22D00F73C30 /* NewEventController */,
			);
			path = Controllers;
			sourceTree = "<group>";
		};
		2D632F451B4F9F25006EDFBD /* Views */ = {
			isa = PBXGroup;
			children = (
				2D632F461B4F9F25006EDFBD /* ISView.h */,
				2D632F471B4F9F25006EDFBD /* ISView.m */,
			);
			path = Views;
			sourceTree = "<group>";
		};
		2DF6A3A71B4FBF6A00FF278F /* Resources */ = {
			isa = PBXGroup;
			children = (
				2DF935D51B50040A00B2AC7F /* Xibs */,
				2DF6A3A81B4FBF6A00FF278F /* Images */,
				2DF6A3AA1B4FBF6A00FF278F /* Images.xcassets */,
			);
			name = Resources;
			path = inSearch/Resources;
			sourceTree = SOURCE_ROOT;
		};
		2DF6A3A81B4FBF6A00FF278F /* Images */ = {
			isa = PBXGroup;
			children = (
				2D00BBFB1B50F4CD00F73C30 /* star_gold_50.png */,
				2D00BBFF1B50F90500F73C30 /* plus.png */,
				2D00BC001B50F90500F73C30 /* plus@2x.png */,
				2D00BBF71B50ECA200F73C30 /* contacts_100.png */,
				2DF935D81B50164600B2AC7F /* vk_login.png */,
				2DF935E91B50581A00B2AC7F /* exit_50.png */,
				2DF935EA1B50581A00B2AC7F /* home_50.png */,
				2DF935EB1B50581A00B2AC7F /* settings_50.png */,
				2DF935EC1B50581A00B2AC7F /* star_50.png */,
			);
			path = Images;
			sourceTree = "<group>";
		};
		2DF935D51B50040A00B2AC7F /* Xibs */ = {
			isa = PBXGroup;
			children = (
				2DF935D61B50040A00B2AC7F /* LaunchScreen.xib */,
			);
			path = Xibs;
			sourceTree = "<group>";
		};
		2DF935DA1B501ADB00B2AC7F /* EventsController */ = {
			isa = PBXGroup;
			children = (
				2DF935DF1B501B1300B2AC7F /* ISEventsViewController.h */,
				2DF935E01B501B1300B2AC7F /* ISEventsViewController.m */,
				2D00BC0B1B51526400F73C30 /* ISSearchViewController.h */,
				2D00BC0C1B51526400F73C30 /* ISSearchViewController.m */,
			);
			path = EventsController;
			sourceTree = "<group>";
		};
		2DF935DB1B501ADB00B2AC7F /* LoginController */ = {
			isa = PBXGroup;
			children = (
				2DF935DC1B501ADB00B2AC7F /* ISLoginViewController.h */,
				2DF935DD1B501ADB00B2AC7F /* ISLoginViewController.m */,
			);
			path = LoginController;
			sourceTree = "<group>";
		};
		2DF935E21B504B1300B2AC7F /* LeftMenuController */ = {
			isa = PBXGroup;
			children = (
				2DF935E31B504B4F00B2AC7F /* ISLeftMenuController.h */,
				2DF935E41B504B4F00B2AC7F /* ISLeftMenuController.m */,
			);
			path = LeftMenuController;
			sourceTree = "<group>";
		};
		2DFAA8791B4F90AC00AF4689 = {
			isa = PBXGroup;
			children = (
				2DFAA8841B4F90AC00AF4689 /* inSearch */,
				2DFAA89E1B4F90AC00AF4689 /* inSearchTests */,
				2DFAA8831B4F90AC00AF4689 /* Products */,
			);
			sourceTree = "<group>";
		};
		2DFAA8831B4F90AC00AF4689 /* Products */ = {
			isa = PBXGroup;
			children = (
				2DFAA8821B4F90AC00AF4689 /* inSearch.app */,
				2DFAA89B1B4F90AC00AF4689 /* inSearchTests.xctest */,
			);
			name = Products;
			sourceTree = "<group>";
		};
		2DFAA8841B4F90AC00AF4689 /* inSearch */ = {
			isa = PBXGroup;
			children = (
				2DFAA88F1B4F90AC00AF4689 /* Main.storyboard */,
				2DFAA8891B4F90AC00AF4689 /* AppDelegate.h */,
				2DFAA88A1B4F90AC00AF4689 /* AppDelegate.m */,
				2D632F401B4F9F25006EDFBD /* UI */,
				2DFAA94E1B4F999500AF4689 /* Models */,
				2DFAA93B1B4F965200AF4689 /* Utils */,
				2DFAA94B1B4F997500AF4689 /* Source */,
				2DFAA8AD1B4F93AD00AF4689 /* Libraries */,
				2DFAA94F1B4F9A5C00AF4689 /* Categories */,
				2DFAA9501B4F9A5C00AF4689 /* Protocols */,
				2DF6A3A71B4FBF6A00FF278F /* Resources */,
				2DFAA8851B4F90AC00AF4689 /* Supporting Files */,
			);
			path = inSearch;
			sourceTree = "<group>";
		};
		2DFAA8851B4F90AC00AF4689 /* Supporting Files */ = {
			isa = PBXGroup;
			children = (
				2DFAA8861B4F90AC00AF4689 /* Info.plist */,
				2DFAA8871B4F90AC00AF4689 /* main.m */,
			);
			name = "Supporting Files";
			sourceTree = "<group>";
		};
		2DFAA89E1B4F90AC00AF4689 /* inSearchTests */ = {
			isa = PBXGroup;
			children = (
				2DFAA8A11B4F90AC00AF4689 /* inSearchTests.m */,
				2DFAA89F1B4F90AC00AF4689 /* Supporting Files */,
			);
			path = inSearchTests;
			sourceTree = "<group>";
		};
		2DFAA89F1B4F90AC00AF4689 /* Supporting Files */ = {
			isa = PBXGroup;
			children = (
				2DFAA8A01B4F90AC00AF4689 /* Info.plist */,
			);
			name = "Supporting Files";
			sourceTree = "<group>";
		};
		2DFAA8AD1B4F93AD00AF4689 /* Libraries */ = {
			isa = PBXGroup;
			children = (
				2DFAA9011B4F959800AF4689 /* AFNetworking */,
				2DFAA9001B4F955700AF4689 /* VKSdk */,
				2DFAA8AE1B4F93AD00AF4689 /* iOSSlideMenu */,
				2DFAA8C01B4F93AD00AF4689 /* SDWebImage */,
			);
			path = Libraries;
			sourceTree = "<group>";
		};
		2DFAA8AE1B4F93AD00AF4689 /* iOSSlideMenu */ = {
			isa = PBXGroup;
			children = (
				2DFAA8AF1B4F93AD00AF4689 /* Animations */,
				2DFAA8BB1B4F93AD00AF4689 /* Assets */,
				2DFAA8BE1B4F93AD00AF4689 /* SlideNavigationController.h */,
				2DFAA8BF1B4F93AD00AF4689 /* SlideNavigationController.m */,
			);
			path = iOSSlideMenu;
			sourceTree = "<group>";
		};
		2DFAA8AF1B4F93AD00AF4689 /* Animations */ = {
			isa = PBXGroup;
			children = (
				2DFAA8B01B4F93AD00AF4689 /* SlideNavigationContorllerAnimator.h */,
				2DFAA8B11B4F93AD00AF4689 /* SlideNavigationContorllerAnimatorFade.h */,
				2DFAA8B21B4F93AD00AF4689 /* SlideNavigationContorllerAnimatorFade.m */,
				2DFAA8B31B4F93AD00AF4689 /* SlideNavigationContorllerAnimatorScale.h */,
				2DFAA8B41B4F93AD00AF4689 /* SlideNavigationContorllerAnimatorScale.m */,
				2DFAA8B51B4F93AD00AF4689 /* SlideNavigationContorllerAnimatorScaleAndFade.h */,
				2DFAA8B61B4F93AD00AF4689 /* SlideNavigationContorllerAnimatorScaleAndFade.m */,
				2DFAA8B71B4F93AD00AF4689 /* SlideNavigationContorllerAnimatorSlide.h */,
				2DFAA8B81B4F93AD00AF4689 /* SlideNavigationContorllerAnimatorSlide.m */,
				2DFAA8B91B4F93AD00AF4689 /* SlideNavigationContorllerAnimatorSlideAndFade.h */,
				2DFAA8BA1B4F93AD00AF4689 /* SlideNavigationContorllerAnimatorSlideAndFade.m */,
			);
			path = Animations;
			sourceTree = "<group>";
		};
		2DFAA8BB1B4F93AD00AF4689 /* Assets */ = {
			isa = PBXGroup;
			children = (
				2DFAA8BC1B4F93AD00AF4689 /* menu-button.png */,
				2DFAA8BD1B4F93AD00AF4689 /* menu-button@2x.png */,
			);
			path = Assets;
			sourceTree = "<group>";
		};
		2DFAA8C01B4F93AD00AF4689 /* SDWebImage */ = {
			isa = PBXGroup;
			children = (
				2DFAA8C11B4F93AD00AF4689 /* MKAnnotationView+WebCache.h */,
				2DFAA8C21B4F93AD00AF4689 /* MKAnnotationView+WebCache.m */,
				2DFAA8C31B4F93AD00AF4689 /* NSData+ImageContentType.h */,
				2DFAA8C41B4F93AD00AF4689 /* NSData+ImageContentType.m */,
				2DFAA8C51B4F93AD00AF4689 /* SDImageCache.h */,
				2DFAA8C61B4F93AD00AF4689 /* SDImageCache.m */,
				2DFAA8C71B4F93AD00AF4689 /* SDWebImageCompat.h */,
				2DFAA8C81B4F93AD00AF4689 /* SDWebImageCompat.m */,
				2DFAA8C91B4F93AD00AF4689 /* SDWebImageDecoder.h */,
				2DFAA8CA1B4F93AD00AF4689 /* SDWebImageDecoder.m */,
				2DFAA8CB1B4F93AD00AF4689 /* SDWebImageDownloader.h */,
				2DFAA8CC1B4F93AD00AF4689 /* SDWebImageDownloader.m */,
				2DFAA8CD1B4F93AD00AF4689 /* SDWebImageDownloaderOperation.h */,
				2DFAA8CE1B4F93AD00AF4689 /* SDWebImageDownloaderOperation.m */,
				2DFAA8CF1B4F93AD00AF4689 /* SDWebImageManager.h */,
				2DFAA8D01B4F93AD00AF4689 /* SDWebImageManager.m */,
				2DFAA8D11B4F93AD00AF4689 /* SDWebImageOperation.h */,
				2DFAA8D21B4F93AD00AF4689 /* SDWebImagePrefetcher.h */,
				2DFAA8D31B4F93AD00AF4689 /* SDWebImagePrefetcher.m */,
				2DFAA8D41B4F93AD00AF4689 /* UIButton+WebCache.h */,
				2DFAA8D51B4F93AD00AF4689 /* UIButton+WebCache.m */,
				2DFAA8D61B4F93AD00AF4689 /* UIImage+GIF.h */,
				2DFAA8D71B4F93AD00AF4689 /* UIImage+GIF.m */,
				2DFAA8D81B4F93AD00AF4689 /* UIImage+MultiFormat.h */,
				2DFAA8D91B4F93AD00AF4689 /* UIImage+MultiFormat.m */,
				2DFAA8DA1B4F93AD00AF4689 /* UIImage+WebP.h */,
				2DFAA8DB1B4F93AD00AF4689 /* UIImage+WebP.m */,
				2DFAA8DC1B4F93AD00AF4689 /* UIImageView+HighlightedWebCache.h */,
				2DFAA8DD1B4F93AD00AF4689 /* UIImageView+HighlightedWebCache.m */,
				2DFAA8DE1B4F93AD00AF4689 /* UIImageView+WebCache.h */,
				2DFAA8DF1B4F93AD00AF4689 /* UIImageView+WebCache.m */,
				2DFAA8E01B4F93AD00AF4689 /* UIView+WebCacheOperation.h */,
				2DFAA8E11B4F93AD00AF4689 /* UIView+WebCacheOperation.m */,
			);
			path = SDWebImage;
			sourceTree = "<group>";
		};
		2DFAA9001B4F955700AF4689 /* VKSdk */ = {
			isa = PBXGroup;
			children = (
				2DFAA9391B4F95E900AF4689 /* VKSdk.framework */,
			);
			name = VKSdk;
			sourceTree = "<group>";
		};
		2DFAA9011B4F959800AF4689 /* AFNetworking */ = {
			isa = PBXGroup;
			children = (
				2DFAA9021B4F959800AF4689 /* AFNetworking */,
				2DFAA9161B4F959800AF4689 /* UIKit+AFNetworking */,
			);
			path = AFNetworking;
			sourceTree = "<group>";
		};
		2DFAA9021B4F959800AF4689 /* AFNetworking */ = {
			isa = PBXGroup;
			children = (
				2DFAA9031B4F959800AF4689 /* AFHTTPRequestOperation.h */,
				2DFAA9041B4F959800AF4689 /* AFHTTPRequestOperation.m */,
				2DFAA9051B4F959800AF4689 /* AFHTTPRequestOperationManager.h */,
				2DFAA9061B4F959800AF4689 /* AFHTTPRequestOperationManager.m */,
				2DFAA9071B4F959800AF4689 /* AFHTTPSessionManager.h */,
				2DFAA9081B4F959800AF4689 /* AFHTTPSessionManager.m */,
				2DFAA9091B4F959800AF4689 /* AFNetworking.h */,
				2DFAA90A1B4F959800AF4689 /* AFNetworkReachabilityManager.h */,
				2DFAA90B1B4F959800AF4689 /* AFNetworkReachabilityManager.m */,
				2DFAA90C1B4F959800AF4689 /* AFSecurityPolicy.h */,
				2DFAA90D1B4F959800AF4689 /* AFSecurityPolicy.m */,
				2DFAA90E1B4F959800AF4689 /* AFURLConnectionOperation.h */,
				2DFAA90F1B4F959800AF4689 /* AFURLConnectionOperation.m */,
				2DFAA9101B4F959800AF4689 /* AFURLRequestSerialization.h */,
				2DFAA9111B4F959800AF4689 /* AFURLRequestSerialization.m */,
				2DFAA9121B4F959800AF4689 /* AFURLResponseSerialization.h */,
				2DFAA9131B4F959800AF4689 /* AFURLResponseSerialization.m */,
				2DFAA9141B4F959800AF4689 /* AFURLSessionManager.h */,
				2DFAA9151B4F959800AF4689 /* AFURLSessionManager.m */,
			);
			path = AFNetworking;
			sourceTree = "<group>";
		};
		2DFAA9161B4F959800AF4689 /* UIKit+AFNetworking */ = {
			isa = PBXGroup;
			children = (
				2DFAA9171B4F959800AF4689 /* AFNetworkActivityIndicatorManager.h */,
				2DFAA9181B4F959800AF4689 /* AFNetworkActivityIndicatorManager.m */,
				2DFAA9191B4F959800AF4689 /* UIActivityIndicatorView+AFNetworking.h */,
				2DFAA91A1B4F959800AF4689 /* UIActivityIndicatorView+AFNetworking.m */,
				2DFAA91B1B4F959800AF4689 /* UIAlertView+AFNetworking.h */,
				2DFAA91C1B4F959800AF4689 /* UIAlertView+AFNetworking.m */,
				2DFAA91D1B4F959800AF4689 /* UIButton+AFNetworking.h */,
				2DFAA91E1B4F959800AF4689 /* UIButton+AFNetworking.m */,
				2DFAA91F1B4F959800AF4689 /* UIImageView+AFNetworking.h */,
				2DFAA9201B4F959800AF4689 /* UIImageView+AFNetworking.m */,
				2DFAA9211B4F959800AF4689 /* UIKit+AFNetworking.h */,
				2DFAA9221B4F959800AF4689 /* UIProgressView+AFNetworking.h */,
				2DFAA9231B4F959800AF4689 /* UIProgressView+AFNetworking.m */,
				2DFAA9241B4F959800AF4689 /* UIRefreshControl+AFNetworking.h */,
				2DFAA9251B4F959800AF4689 /* UIRefreshControl+AFNetworking.m */,
				2DFAA9261B4F959800AF4689 /* UIWebView+AFNetworking.h */,
				2DFAA9271B4F959800AF4689 /* UIWebView+AFNetworking.m */,
			);
			path = "UIKit+AFNetworking";
			sourceTree = "<group>";
		};
		2DFAA93B1B4F965200AF4689 /* Utils */ = {
			isa = PBXGroup;
			children = (
				2DFAA9441B4F97CE00AF4689 /* ISUtils.h */,
				2DFAA9451B4F97CE00AF4689 /* ISUtils.m */,
			);
			name = Utils;
			sourceTree = "<group>";
		};
		2DFAA94B1B4F997500AF4689 /* Source */ = {
			isa = PBXGroup;
			children = (
				2DFAA94C1B4F997500AF4689 /* Database */,
				2DFAA94D1B4F997500AF4689 /* Network */,
			);
			path = Source;
			sourceTree = "<group>";
		};
		2DFAA94C1B4F997500AF4689 /* Database */ = {
			isa = PBXGroup;
			children = (
				2D632F2F1B4F9DD2006EDFBD /* ISDateManger.h */,
				2D632F301B4F9DD2006EDFBD /* ISDateManger.m */,
			);
			path = Database;
			sourceTree = "<group>";
		};
		2DFAA94D1B4F997500AF4689 /* Network */ = {
			isa = PBXGroup;
			children = (
				2D632F321B4F9E10006EDFBD /* ISServerManager.h */,
				2D632F331B4F9E10006EDFBD /* ISServerManager.m */,
			);
			path = Network;
			sourceTree = "<group>";
		};
		2DFAA94E1B4F999500AF4689 /* Models */ = {
			isa = PBXGroup;
			children = (
				2D632F361B4F9E6C006EDFBD /* ISUser.h */,
				2D632F371B4F9E6C006EDFBD /* ISUser.m */,
			);
			path = Models;
			sourceTree = "<group>";
		};
		2DFAA94F1B4F9A5C00AF4689 /* Categories */ = {
			isa = PBXGroup;
			children = (
				2D632F531B4FA070006EDFBD /* NSDate+NSDateExtension.h */,
				2D632F541B4FA070006EDFBD /* NSDate+NSDateExtension.m */,
			);
			path = Categories;
			sourceTree = "<group>";
		};
		2DFAA9501B4F9A5C00AF4689 /* Protocols */ = {
			isa = PBXGroup;
			children = (
				2D632F3F1B4F9EE0006EDFBD /* ISPtorocol.h */,
			);
			path = Protocols;
			sourceTree = "<group>";
		};
/* End PBXGroup section */

/* Begin PBXNativeTarget section */
		2DFAA8811B4F90AC00AF4689 /* inSearch */ = {
			isa = PBXNativeTarget;
			buildConfigurationList = 2DFAA8A51B4F90AC00AF4689 /* Build configuration list for PBXNativeTarget "inSearch" */;
			buildPhases = (
				2DFAA87E1B4F90AC00AF4689 /* Sources */,
				2DFAA87F1B4F90AC00AF4689 /* Frameworks */,
				2DFAA8801B4F90AC00AF4689 /* Resources */,
			);
			buildRules = (
			);
			dependencies = (
			);
			name = inSearch;
			productName = inSearch;
			productReference = 2DFAA8821B4F90AC00AF4689 /* inSearch.app */;
			productType = "com.apple.product-type.application";
		};
		2DFAA89A1B4F90AC00AF4689 /* inSearchTests */ = {
			isa = PBXNativeTarget;
			buildConfigurationList = 2DFAA8A81B4F90AC00AF4689 /* Build configuration list for PBXNativeTarget "inSearchTests" */;
			buildPhases = (
				2DFAA8971B4F90AC00AF4689 /* Sources */,
				2DFAA8981B4F90AC00AF4689 /* Frameworks */,
				2DFAA8991B4F90AC00AF4689 /* Resources */,
			);
			buildRules = (
			);
			dependencies = (
				2DFAA89D1B4F90AC00AF4689 /* PBXTargetDependency */,
			);
			name = inSearchTests;
			productName = inSearchTests;
			productReference = 2DFAA89B1B4F90AC00AF4689 /* inSearchTests.xctest */;
			productType = "com.apple.product-type.bundle.unit-test";
		};
/* End PBXNativeTarget section */

/* Begin PBXProject section */
		2DFAA87A1B4F90AC00AF4689 /* Project object */ = {
			isa = PBXProject;
			attributes = {
				LastUpgradeCheck = 0640;
				ORGANIZATIONNAME = "Sergey Lyubeznov";
				TargetAttributes = {
					2DFAA8811B4F90AC00AF4689 = {
						CreatedOnToolsVersion = 6.4;
						DevelopmentTeam = YRL58ZDY3G;
					};
					2DFAA89A1B4F90AC00AF4689 = {
						CreatedOnToolsVersion = 6.4;
						TestTargetID = 2DFAA8811B4F90AC00AF4689;
					};
				};
			};
			buildConfigurationList = 2DFAA87D1B4F90AC00AF4689 /* Build configuration list for PBXProject "inSearch" */;
			compatibilityVersion = "Xcode 3.2";
			developmentRegion = English;
			hasScannedForEncodings = 0;
			knownRegions = (
				en,
				Base,
			);
			mainGroup = 2DFAA8791B4F90AC00AF4689;
			productRefGroup = 2DFAA8831B4F90AC00AF4689 /* Products */;
			projectDirPath = "";
			projectRoot = "";
			targets = (
				2DFAA8811B4F90AC00AF4689 /* inSearch */,
				2DFAA89A1B4F90AC00AF4689 /* inSearchTests */,
			);
		};
/* End PBXProject section */

/* Begin PBXResourcesBuildPhase section */
		2DFAA8801B4F90AC00AF4689 /* Resources */ = {
			isa = PBXResourcesBuildPhase;
			buildActionMask = 2147483647;
			files = (
				2D00BBFC1B50F4CD00F73C30 /* star_gold_50.png in Resources */,
				2DFAA8E81B4F93AD00AF4689 /* menu-button.png in Resources */,
				2DF935EF1B50581A00B2AC7F /* settings_50.png in Resources */,
				2DF6A3AC1B4FBF6A00FF278F /* Images.xcassets in Resources */,
				2DF935F01B50581A00B2AC7F /* star_50.png in Resources */,
				2DFAA8911B4F90AC00AF4689 /* Main.storyboard in Resources */,
				2DF935ED1B50581A00B2AC7F /* exit_50.png in Resources */,
				2DF935D91B50164600B2AC7F /* vk_login.png in Resources */,
				2D00BBF81B50ECA200F73C30 /* contacts_100.png in Resources */,
				2D00BC011B50F90500F73C30 /* plus.png in Resources */,
				2D00BC021B50F90500F73C30 /* plus@2x.png in Resources */,
				2DF935D71B50040A00B2AC7F /* LaunchScreen.xib in Resources */,
				2DF935EE1B50581A00B2AC7F /* home_50.png in Resources */,
				2DFAA8E91B4F93AD00AF4689 /* menu-button@2x.png in Resources */,
			);
			runOnlyForDeploymentPostprocessing = 0;
		};
		2DFAA8991B4F90AC00AF4689 /* Resources */ = {
			isa = PBXResourcesBuildPhase;
			buildActionMask = 2147483647;
			files = (
			);
			runOnlyForDeploymentPostprocessing = 0;
		};
/* End PBXResourcesBuildPhase section */

/* Begin PBXSourcesBuildPhase section */
		2DFAA87E1B4F90AC00AF4689 /* Sources */ = {
			isa = PBXSourcesBuildPhase;
			buildActionMask = 2147483647;
			files = (
				2DFAA9281B4F959800AF4689 /* AFHTTPRequestOperation.m in Sources */,
				2D632F311B4F9DD2006EDFBD /* ISDateManger.m in Sources */,
				2DFAA9351B4F959800AF4689 /* UIImageView+AFNetworking.m in Sources */,
				2D632F481B4F9F25006EDFBD /* ISCell.m in Sources */,
				2DFAA8F81B4F93AD00AF4689 /* UIImageView+HighlightedWebCache.m in Sources */,
				2DFAA8EF1B4F93AD00AF4689 /* SDWebImageDecoder.m in Sources */,
				2DFAA8F91B4F93AD00AF4689 /* UIImageView+WebCache.m in Sources */,
				2DFAA92F1B4F959800AF4689 /* AFURLResponseSerialization.m in Sources */,
				2DFAA8EA1B4F93AD00AF4689 /* SlideNavigationController.m in Sources */,
				2DFAA9321B4F959800AF4689 /* UIActivityIndicatorView+AFNetworking.m in Sources */,
				2DFAA8F11B4F93AD00AF4689 /* SDWebImageDownloaderOperation.m in Sources */,
				2DFAA8F21B4F93AD00AF4689 /* SDWebImageManager.m in Sources */,
				2DFAA8E41B4F93AD00AF4689 /* SlideNavigationContorllerAnimatorScale.m in Sources */,
				2DFAA9341B4F959800AF4689 /* UIButton+AFNetworking.m in Sources */,
				2D00BBF61B50EA0D00F73C30 /* ISEventCell.m in Sources */,
				2DFAA92D1B4F959800AF4689 /* AFURLConnectionOperation.m in Sources */,
				2DFAA9291B4F959800AF4689 /* AFHTTPRequestOperationManager.m in Sources */,
				2DFAA8E51B4F93AD00AF4689 /* SlideNavigationContorllerAnimatorScaleAndFade.m in Sources */,
				2DF935E11B501B1300B2AC7F /* ISEventsViewController.m in Sources */,
				2DFAA8F01B4F93AD00AF4689 /* SDWebImageDownloader.m in Sources */,
				2D00BBF31B50E27600F73C30 /* ISNewEventViewController.m in Sources */,
				2DFAA8EB1B4F93AD00AF4689 /* MKAnnotationView+WebCache.m in Sources */,
				2DFAA8EE1B4F93AD00AF4689 /* SDWebImageCompat.m in Sources */,
				2DFAA8F31B4F93AD00AF4689 /* SDWebImagePrefetcher.m in Sources */,
				2D632F491B4F9F25006EDFBD /* ISView.m in Sources */,
				2DFAA8FA1B4F93AD00AF4689 /* UIView+WebCacheOperation.m in Sources */,
				2DFAA9301B4F959800AF4689 /* AFURLSessionManager.m in Sources */,
				2D00BC071B51340600F73C30 /* ISUserProfileViewConrtoller.m in Sources */,
				2DFAA8F61B4F93AD00AF4689 /* UIImage+MultiFormat.m in Sources */,
				2DFAA9311B4F959800AF4689 /* AFNetworkActivityIndicatorManager.m in Sources */,
				2DFAA92C1B4F959800AF4689 /* AFSecurityPolicy.m in Sources */,
				2DFAA9361B4F959800AF4689 /* UIProgressView+AFNetworking.m in Sources */,
				2DFAA88B1B4F90AC00AF4689 /* AppDelegate.m in Sources */,
				2DFAA92B1B4F959800AF4689 /* AFNetworkReachabilityManager.m in Sources */,
				2D632F551B4FA070006EDFBD /* NSDate+NSDateExtension.m in Sources */,
				2DFAA8F41B4F93AD00AF4689 /* UIButton+WebCache.m in Sources */,
				2D632F381B4F9E6C006EDFBD /* ISUser.m in Sources */,
				2DFAA92A1B4F959800AF4689 /* AFHTTPSessionManager.m in Sources */,
				2DF935E81B504F8300B2AC7F /* ISLeftMenuCell.m in Sources */,
				2DFAA9461B4F97CE00AF4689 /* ISUtils.m in Sources */,
				2DFAA92E1B4F959800AF4689 /* AFURLRequestSerialization.m in Sources */,
				2D00BC0D1B51526400F73C30 /* ISSearchViewController.m in Sources */,
				2D00BC0A1B5135A900F73C30 /* ISSettingsViewController.m in Sources */,
				2DFAA8E31B4F93AD00AF4689 /* SlideNavigationContorllerAnimatorFade.m in Sources */,
				2DF935DE1B501ADB00B2AC7F /* ISLoginViewController.m in Sources */,
				2DFAA9331B4F959800AF4689 /* UIAlertView+AFNetworking.m in Sources */,
				2DFAA8ED1B4F93AD00AF4689 /* SDImageCache.m in Sources */,
				2DFAA8881B4F90AC00AF4689 /* main.m in Sources */,
				2DF935E51B504B4F00B2AC7F /* ISLeftMenuController.m in Sources */,
				2DFAA8E71B4F93AD00AF4689 /* SlideNavigationContorllerAnimatorSlideAndFade.m in Sources */,
				2DFAA8E61B4F93AD00AF4689 /* SlideNavigationContorllerAnimatorSlide.m in Sources */,
				2DFAA8F51B4F93AD00AF4689 /* UIImage+GIF.m in Sources */,
				2DFAA9381B4F959800AF4689 /* UIWebView+AFNetworking.m in Sources */,
				2D632F341B4F9E10006EDFBD /* ISServerManager.m in Sources */,
				2DFAA8EC1B4F93AD00AF4689 /* NSData+ImageContentType.m in Sources */,
				2DFAA8F71B4F93AD00AF4689 /* UIImage+WebP.m in Sources */,
				2DFAA9371B4F959800AF4689 /* UIRefreshControl+AFNetworking.m in Sources */,
			);
			runOnlyForDeploymentPostprocessing = 0;
		};
		2DFAA8971B4F90AC00AF4689 /* Sources */ = {
			isa = PBXSourcesBuildPhase;
			buildActionMask = 2147483647;
			files = (
				2DFAA8A21B4F90AC00AF4689 /* inSearchTests.m in Sources */,
			);
			runOnlyForDeploymentPostprocessing = 0;
		};
/* End PBXSourcesBuildPhase section */

/* Begin PBXTargetDependency section */
		2DFAA89D1B4F90AC00AF4689 /* PBXTargetDependency */ = {
			isa = PBXTargetDependency;
			target = 2DFAA8811B4F90AC00AF4689 /* inSearch */;
			targetProxy = 2DFAA89C1B4F90AC00AF4689 /* PBXContainerItemProxy */;
		};
/* End PBXTargetDependency section */

/* Begin PBXVariantGroup section */
		2DFAA88F1B4F90AC00AF4689 /* Main.storyboard */ = {
			isa = PBXVariantGroup;
			children = (
				2DFAA8901B4F90AC00AF4689 /* Base */,
			);
			name = Main.storyboard;
			sourceTree = "<group>";
		};
/* End PBXVariantGroup section */

/* Begin XCBuildConfiguration section */
		2DFAA8A31B4F90AC00AF4689 /* Debug */ = {
			isa = XCBuildConfiguration;
			buildSettings = {
				ALWAYS_SEARCH_USER_PATHS = NO;
				CLANG_CXX_LANGUAGE_STANDARD = "gnu++0x";
				CLANG_CXX_LIBRARY = "libc++";
				CLANG_ENABLE_MODULES = YES;
				CLANG_ENABLE_OBJC_ARC = YES;
				CLANG_WARN_BOOL_CONVERSION = YES;
				CLANG_WARN_CONSTANT_CONVERSION = YES;
				CLANG_WARN_DIRECT_OBJC_ISA_USAGE = YES_ERROR;
				CLANG_WARN_EMPTY_BODY = YES;
				CLANG_WARN_ENUM_CONVERSION = YES;
				CLANG_WARN_INT_CONVERSION = YES;
				CLANG_WARN_OBJC_ROOT_CLASS = YES_ERROR;
				CLANG_WARN_UNREACHABLE_CODE = YES;
				CLANG_WARN__DUPLICATE_METHOD_MATCH = YES;
				"CODE_SIGN_IDENTITY[sdk=iphoneos*]" = "iPhone Developer";
				COPY_PHASE_STRIP = NO;
				DEBUG_INFORMATION_FORMAT = "dwarf-with-dsym";
				ENABLE_STRICT_OBJC_MSGSEND = YES;
				GCC_C_LANGUAGE_STANDARD = gnu99;
				GCC_DYNAMIC_NO_PIC = NO;
				GCC_NO_COMMON_BLOCKS = YES;
				GCC_OPTIMIZATION_LEVEL = 0;
				GCC_PREPROCESSOR_DEFINITIONS = (
					"DEBUG=1",
					"$(inherited)",
				);
				GCC_SYMBOLS_PRIVATE_EXTERN = NO;
				GCC_WARN_64_TO_32_BIT_CONVERSION = YES;
				GCC_WARN_ABOUT_RETURN_TYPE = YES_ERROR;
				GCC_WARN_UNDECLARED_SELECTOR = YES;
				GCC_WARN_UNINITIALIZED_AUTOS = YES_AGGRESSIVE;
				GCC_WARN_UNUSED_FUNCTION = YES;
				GCC_WARN_UNUSED_VARIABLE = YES;
				IPHONEOS_DEPLOYMENT_TARGET = 8.4;
				MTL_ENABLE_DEBUG_INFO = YES;
				ONLY_ACTIVE_ARCH = YES;
				SDKROOT = iphoneos;
				TARGETED_DEVICE_FAMILY = "1,2";
			};
			name = Debug;
		};
		2DFAA8A41B4F90AC00AF4689 /* Release */ = {
			isa = XCBuildConfiguration;
			buildSettings = {
				ALWAYS_SEARCH_USER_PATHS = NO;
				CLANG_CXX_LANGUAGE_STANDARD = "gnu++0x";
				CLANG_CXX_LIBRARY = "libc++";
				CLANG_ENABLE_MODULES = YES;
				CLANG_ENABLE_OBJC_ARC = YES;
				CLANG_WARN_BOOL_CONVERSION = YES;
				CLANG_WARN_CONSTANT_CONVERSION = YES;
				CLANG_WARN_DIRECT_OBJC_ISA_USAGE = YES_ERROR;
				CLANG_WARN_EMPTY_BODY = YES;
				CLANG_WARN_ENUM_CONVERSION = YES;
				CLANG_WARN_INT_CONVERSION = YES;
				CLANG_WARN_OBJC_ROOT_CLASS = YES_ERROR;
				CLANG_WARN_UNREACHABLE_CODE = YES;
				CLANG_WARN__DUPLICATE_METHOD_MATCH = YES;
				"CODE_SIGN_IDENTITY[sdk=iphoneos*]" = "iPhone Developer";
				COPY_PHASE_STRIP = NO;
				DEBUG_INFORMATION_FORMAT = "dwarf-with-dsym";
				ENABLE_NS_ASSERTIONS = NO;
				ENABLE_STRICT_OBJC_MSGSEND = YES;
				GCC_C_LANGUAGE_STANDARD = gnu99;
				GCC_NO_COMMON_BLOCKS = YES;
				GCC_WARN_64_TO_32_BIT_CONVERSION = YES;
				GCC_WARN_ABOUT_RETURN_TYPE = YES_ERROR;
				GCC_WARN_UNDECLARED_SELECTOR = YES;
				GCC_WARN_UNINITIALIZED_AUTOS = YES_AGGRESSIVE;
				GCC_WARN_UNUSED_FUNCTION = YES;
				GCC_WARN_UNUSED_VARIABLE = YES;
				IPHONEOS_DEPLOYMENT_TARGET = 8.4;
				MTL_ENABLE_DEBUG_INFO = NO;
				SDKROOT = iphoneos;
				TARGETED_DEVICE_FAMILY = "1,2";
				VALIDATE_PRODUCT = YES;
			};
			name = Release;
		};
		2DFAA8A61B4F90AC00AF4689 /* Debug */ = {
			isa = XCBuildConfiguration;
			buildSettings = {
				ASSETCATALOG_COMPILER_APPICON_NAME = AppIcon;
				CODE_SIGN_IDENTITY = "iPhone Developer";
				"CODE_SIGN_IDENTITY[sdk=iphoneos*]" = "iPhone Developer";
				FRAMEWORK_SEARCH_PATHS = (
					"$(inherited)",
					"$(PROJECT_DIR)/inSearch/Libraries",
					"$(PROJECT_DIR)/inSearch/Libraries/VKSdk",
				);
				INFOPLIST_FILE = inSearch/Info.plist;
				LD_RUNPATH_SEARCH_PATHS = "$(inherited) @executable_path/Frameworks";
				"OTHER_LDFLAGS[arch=*]" = "-ObjC";
				PRODUCT_NAME = "$(TARGET_NAME)";
				PROVISIONING_PROFILE = "";
			};
			name = Debug;
		};
		2DFAA8A71B4F90AC00AF4689 /* Release */ = {
			isa = XCBuildConfiguration;
			buildSettings = {
				ASSETCATALOG_COMPILER_APPICON_NAME = AppIcon;
				CODE_SIGN_IDENTITY = "iPhone Developer";
				"CODE_SIGN_IDENTITY[sdk=iphoneos*]" = "iPhone Developer";
				FRAMEWORK_SEARCH_PATHS = (
					"$(inherited)",
					"$(PROJECT_DIR)/inSearch/Libraries",
					"$(PROJECT_DIR)/inSearch/Libraries/VKSdk",
				);
				INFOPLIST_FILE = inSearch/Info.plist;
				LD_RUNPATH_SEARCH_PATHS = "$(inherited) @executable_path/Frameworks";
				"OTHER_LDFLAGS[arch=*]" = "-ObjC";
				PRODUCT_NAME = "$(TARGET_NAME)";
				PROVISIONING_PROFILE = "";
			};
			name = Release;
		};
		2DFAA8A91B4F90AC00AF4689 /* Debug */ = {
			isa = XCBuildConfiguration;
			buildSettings = {
				BUNDLE_LOADER = "$(TEST_HOST)";
				FRAMEWORK_SEARCH_PATHS = (
					"$(SDKROOT)/Developer/Library/Frameworks",
					"$(inherited)",
				);
				GCC_PREPROCESSOR_DEFINITIONS = (
					"DEBUG=1",
					"$(inherited)",
				);
				INFOPLIST_FILE = inSearchTests/Info.plist;
				LD_RUNPATH_SEARCH_PATHS = "$(inherited) @executable_path/Frameworks @loader_path/Frameworks";
				PRODUCT_NAME = "$(TARGET_NAME)";
				TEST_HOST = "$(BUILT_PRODUCTS_DIR)/inSearch.app/inSearch";
			};
			name = Debug;
		};
		2DFAA8AA1B4F90AC00AF4689 /* Release */ = {
			isa = XCBuildConfiguration;
			buildSettings = {
				BUNDLE_LOADER = "$(TEST_HOST)";
				FRAMEWORK_SEARCH_PATHS = (
					"$(SDKROOT)/Developer/Library/Frameworks",
					"$(inherited)",
				);
				INFOPLIST_FILE = inSearchTests/Info.plist;
				LD_RUNPATH_SEARCH_PATHS = "$(inherited) @executable_path/Frameworks @loader_path/Frameworks";
				PRODUCT_NAME = "$(TARGET_NAME)";
				TEST_HOST = "$(BUILT_PRODUCTS_DIR)/inSearch.app/inSearch";
			};
			name = Release;
		};
/* End XCBuildConfiguration section */

/* Begin XCConfigurationList section */
		2DFAA87D1B4F90AC00AF4689 /* Build configuration list for PBXProject "inSearch" */ = {
			isa = XCConfigurationList;
			buildConfigurations = (
				2DFAA8A31B4F90AC00AF4689 /* Debug */,
				2DFAA8A41B4F90AC00AF4689 /* Release */,
			);
			defaultConfigurationIsVisible = 0;
			defaultConfigurationName = Release;
		};
		2DFAA8A51B4F90AC00AF4689 /* Build configuration list for PBXNativeTarget "inSearch" */ = {
			isa = XCConfigurationList;
			buildConfigurations = (
				2DFAA8A61B4F90AC00AF4689 /* Debug */,
				2DFAA8A71B4F90AC00AF4689 /* Release */,
			);
			defaultConfigurationIsVisible = 0;
			defaultConfigurationName = Release;
		};
		2DFAA8A81B4F90AC00AF4689 /* Build configuration list for PBXNativeTarget "inSearchTests" */ = {
			isa = XCConfigurationList;
			buildConfigurations = (
				2DFAA8A91B4F90AC00AF4689 /* Debug */,
				2DFAA8AA1B4F90AC00AF4689 /* Release */,
			);
			defaultConfigurationIsVisible = 0;
			defaultConfigurationName = Release;
		};
/* End XCConfigurationList section */
	};
	rootObject = 2DFAA87A1B4F90AC00AF4689 /* Project object */;
}
